
Microsoft Visual Studio Solution File, Format Version 12.00
# Visual Studio Version 16
VisualStudioVersion = 16.0.31515.178
MinimumVisualStudioVersion = 10.0.40219.1
Project("{FAE04EC0-301F-11D3-BF4B-00C04F79EFBC}") = "PortfolioYakubych", "PortfolioYakubych.csproj", "{016CA419-D589-4D85-863C-AD4993371548}"
EndProject
Global
	GlobalSection(SolutionConfigurationPlatforms) = preSolution
		Debug|Any CPU = Debug|Any CPU
		Release|Any CPU = Release|Any CPU
	EndGlobalSection
	GlobalSection(ProjectConfigurationPlatforms) = postSolution
		{016CA419-D589-4D85-863C-AD4993371548}.Debug|Any CPU.ActiveCfg = Debug|Any CPU
		{016CA419-D589-4D85-863C-AD4993371548}.Debug|Any CPU.Build.0 = Debug|Any CPU
		{016CA419-D589-4D85-863C-AD4993371548}.Release|Any CPU.ActiveCfg = Release|Any CPU
		{016CA419-D589-4D85-863C-AD4993371548}.Release|Any CPU.Build.0 = Release|Any CPU
	EndGlobalSection
	GlobalSection(SolutionProperties) = preSolution
		HideSolutionNode = FALSE
	EndGlobalSection
	GlobalSection(ExtensibilityGlobals) = postSolution
		SolutionGuid = {02B0EF2A-1EF7-4445-AFBB-9CB95939E1E5}
	EndGlobalSection
EndGlobal
